
Microsoft Visual Studio Solution File, Format Version 12.00
# Visual Studio 15
VisualStudioVersion = 15.0.28307.329
MinimumVisualStudioVersion = 10.0.40219.1
Project("{FAE04EC0-301F-11D3-BF4B-00C04F79EFBC}") = "025ConsiderCollectionWriteOperation", "025ConsiderCollectionWriteOperation\025ConsiderCollectionWriteOperation.csproj", "{6063B1DE-074C-4B17-840C-FE9F63822AA0}"
EndProject
Global
	GlobalSection(SolutionConfigurationPlatforms) = preSolution
		Debug|Any CPU = Debug|Any CPU
		Release|Any CPU = Release|Any CPU
	EndGlobalSection
	GlobalSection(ProjectConfigurationPlatforms) = postSolution
		{6063B1DE-074C-4B17-840C-FE9F63822AA0}.Debug|Any CPU.ActiveCfg = Debug|Any CPU
		{6063B1DE-074C-4B17-840C-FE9F63822AA0}.Debug|Any CPU.Build.0 = Debug|Any CPU
		{6063B1DE-074C-4B17-840C-FE9F63822AA0}.Release|Any CPU.ActiveCfg = Release|Any CPU
		{6063B1DE-074C-4B17-840C-FE9F63822AA0}.Release|Any CPU.Build.0 = Release|Any CPU
	EndGlobalSection
	GlobalSection(SolutionProperties) = preSolution
		HideSolutionNode = FALSE
	EndGlobalSection
	GlobalSection(ExtensibilityGlobals) = postSolution
		SolutionGuid = {FFBD4BA2-0D56-46F6-99F7-87A332C51124}
	EndGlobalSection
EndGlobal
