
Microsoft Visual Studio Solution File, Format Version 12.00
# Visual Studio 15
VisualStudioVersion = 15.0.28010.2048
MinimumVisualStudioVersion = 10.0.40219.1
Project("{FAE04EC0-301F-11D3-BF4B-00C04F79EFBC}") = "072SemaphoreExample", "072SemaphoreExample\072SemaphoreExample.csproj", "{87C2B830-6543-40EF-B655-81D4C2812E89}"
EndProject
Global
	GlobalSection(SolutionConfigurationPlatforms) = preSolution
		Debug|Any CPU = Debug|Any CPU
		Release|Any CPU = Release|Any CPU
	EndGlobalSection
	GlobalSection(ProjectConfigurationPlatforms) = postSolution
		{87C2B830-6543-40EF-B655-81D4C2812E89}.Debug|Any CPU.ActiveCfg = Debug|Any CPU
		{87C2B830-6543-40EF-B655-81D4C2812E89}.Debug|Any CPU.Build.0 = Debug|Any CPU
		{87C2B830-6543-40EF-B655-81D4C2812E89}.Release|Any CPU.ActiveCfg = Release|Any CPU
		{87C2B830-6543-40EF-B655-81D4C2812E89}.Release|Any CPU.Build.0 = Release|Any CPU
	EndGlobalSection
	GlobalSection(SolutionProperties) = preSolution
		HideSolutionNode = FALSE
	EndGlobalSection
	GlobalSection(ExtensibilityGlobals) = postSolution
		SolutionGuid = {B89DE82A-CF59-4837-9A84-464F4C9404E7}
	EndGlobalSection
EndGlobal
