
Microsoft Visual Studio Solution File, Format Version 12.00
# Visual Studio 15
VisualStudioVersion = 15.0.28010.2048
MinimumVisualStudioVersion = 10.0.40219.1
Project("{FAE04EC0-301F-11D3-BF4B-00C04F79EFBC}") = "061AvoidFinallyWriteDirtyCode", "061AvoidFinallyWriteDirtyCode\061AvoidFinallyWriteDirtyCode.csproj", "{5F12802D-9BB3-4EC7-996F-85624019E965}"
EndProject
Global
	GlobalSection(SolutionConfigurationPlatforms) = preSolution
		Debug|Any CPU = Debug|Any CPU
		Release|Any CPU = Release|Any CPU
	EndGlobalSection
	GlobalSection(ProjectConfigurationPlatforms) = postSolution
		{5F12802D-9BB3-4EC7-996F-85624019E965}.Debug|Any CPU.ActiveCfg = Debug|Any CPU
		{5F12802D-9BB3-4EC7-996F-85624019E965}.Debug|Any CPU.Build.0 = Debug|Any CPU
		{5F12802D-9BB3-4EC7-996F-85624019E965}.Release|Any CPU.ActiveCfg = Release|Any CPU
		{5F12802D-9BB3-4EC7-996F-85624019E965}.Release|Any CPU.Build.0 = Release|Any CPU
	EndGlobalSection
	GlobalSection(SolutionProperties) = preSolution
		HideSolutionNode = FALSE
	EndGlobalSection
	GlobalSection(ExtensibilityGlobals) = postSolution
		SolutionGuid = {5F963C44-58F0-40A0-B7AD-9A9EB7CAFA4D}
	EndGlobalSection
EndGlobal
