
Microsoft Visual Studio Solution File, Format Version 12.00
# Visual Studio 14
VisualStudioVersion = 14.0.25420.1
MinimumVisualStudioVersion = 10.0.40219.1
Project("{FAE04EC0-301F-11D3-BF4B-00C04F79EFBC}") = "003asAndisAndexplicit", "003asAndisAndexplicit\003asAndisAndexplicit.csproj", "{761626D8-C811-4FD0-BD64-64A18C95753C}"
EndProject
Global
	GlobalSection(SolutionConfigurationPlatforms) = preSolution
		Debug|Any CPU = Debug|Any CPU
		Release|Any CPU = Release|Any CPU
	EndGlobalSection
	GlobalSection(ProjectConfigurationPlatforms) = postSolution
		{761626D8-C811-4FD0-BD64-64A18C95753C}.Debug|Any CPU.ActiveCfg = Debug|Any CPU
		{761626D8-C811-4FD0-BD64-64A18C95753C}.Debug|Any CPU.Build.0 = Debug|Any CPU
		{761626D8-C811-4FD0-BD64-64A18C95753C}.Release|Any CPU.ActiveCfg = Release|Any CPU
		{761626D8-C811-4FD0-BD64-64A18C95753C}.Release|Any CPU.Build.0 = Release|Any CPU
	EndGlobalSection
	GlobalSection(SolutionProperties) = preSolution
		HideSolutionNode = FALSE
	EndGlobalSection
EndGlobal
