
Microsoft Visual Studio Solution File, Format Version 12.00
# Visual Studio 15
VisualStudioVersion = 15.0.28307.329
MinimumVisualStudioVersion = 10.0.40219.1
Project("{FAE04EC0-301F-11D3-BF4B-00C04F79EFBC}") = "046UseIDisposable", "046UseIDisposable\046UseIDisposable.csproj", "{7F46712F-0CE4-4573-A05D-5B14A67951D2}"
EndProject
Global
	GlobalSection(SolutionConfigurationPlatforms) = preSolution
		Debug|Any CPU = Debug|Any CPU
		Release|Any CPU = Release|Any CPU
	EndGlobalSection
	GlobalSection(ProjectConfigurationPlatforms) = postSolution
		{7F46712F-0CE4-4573-A05D-5B14A67951D2}.Debug|Any CPU.ActiveCfg = Debug|Any CPU
		{7F46712F-0CE4-4573-A05D-5B14A67951D2}.Debug|Any CPU.Build.0 = Debug|Any CPU
		{7F46712F-0CE4-4573-A05D-5B14A67951D2}.Release|Any CPU.ActiveCfg = Release|Any CPU
		{7F46712F-0CE4-4573-A05D-5B14A67951D2}.Release|Any CPU.Build.0 = Release|Any CPU
	EndGlobalSection
	GlobalSection(SolutionProperties) = preSolution
		HideSolutionNode = FALSE
	EndGlobalSection
	GlobalSection(ExtensibilityGlobals) = postSolution
		SolutionGuid = {104CCA24-411F-41E3-9C8A-4AE43CFB2F43}
	EndGlobalSection
EndGlobal
