
Microsoft Visual Studio Solution File, Format Version 12.00
# Visual Studio 15
VisualStudioVersion = 15.0.28010.2048
MinimumVisualStudioVersion = 10.0.40219.1
Project("{FAE04EC0-301F-11D3-BF4B-00C04F79EFBC}") = "033.AvoidGenericSetStatic", "033.AvoidGenericSetStatic\033.AvoidGenericSetStatic.csproj", "{AA64689F-260A-4F41-A1E4-4BD5CC443612}"
EndProject
Global
	GlobalSection(SolutionConfigurationPlatforms) = preSolution
		Debug|Any CPU = Debug|Any CPU
		Release|Any CPU = Release|Any CPU
	EndGlobalSection
	GlobalSection(ProjectConfigurationPlatforms) = postSolution
		{AA64689F-260A-4F41-A1E4-4BD5CC443612}.Debug|Any CPU.ActiveCfg = Debug|Any CPU
		{AA64689F-260A-4F41-A1E4-4BD5CC443612}.Debug|Any CPU.Build.0 = Debug|Any CPU
		{AA64689F-260A-4F41-A1E4-4BD5CC443612}.Release|Any CPU.ActiveCfg = Release|Any CPU
		{AA64689F-260A-4F41-A1E4-4BD5CC443612}.Release|Any CPU.Build.0 = Release|Any CPU
	EndGlobalSection
	GlobalSection(SolutionProperties) = preSolution
		HideSolutionNode = FALSE
	EndGlobalSection
	GlobalSection(ExtensibilityGlobals) = postSolution
		SolutionGuid = {4FA73D00-DFB4-43E3-A0DE-136C3B2AC8CA}
	EndGlobalSection
EndGlobal
