
Microsoft Visual Studio Solution File, Format Version 12.00
# Visual Studio 15
VisualStudioVersion = 15.0.28010.2048
MinimumVisualStudioVersion = 10.0.40219.1
Project("{FAE04EC0-301F-11D3-BF4B-00C04F79EFBC}") = "094NewAndOverrideDiff", "094NewAndOverrideDiff\094NewAndOverrideDiff.csproj", "{AB9263A3-C5DB-4F30-86AE-6516A303C305}"
EndProject
Global
	GlobalSection(SolutionConfigurationPlatforms) = preSolution
		Debug|Any CPU = Debug|Any CPU
		Release|Any CPU = Release|Any CPU
	EndGlobalSection
	GlobalSection(ProjectConfigurationPlatforms) = postSolution
		{AB9263A3-C5DB-4F30-86AE-6516A303C305}.Debug|Any CPU.ActiveCfg = Debug|Any CPU
		{AB9263A3-C5DB-4F30-86AE-6516A303C305}.Debug|Any CPU.Build.0 = Debug|Any CPU
		{AB9263A3-C5DB-4F30-86AE-6516A303C305}.Release|Any CPU.ActiveCfg = Release|Any CPU
		{AB9263A3-C5DB-4F30-86AE-6516A303C305}.Release|Any CPU.Build.0 = Release|Any CPU
	EndGlobalSection
	GlobalSection(SolutionProperties) = preSolution
		HideSolutionNode = FALSE
	EndGlobalSection
	GlobalSection(ExtensibilityGlobals) = postSolution
		SolutionGuid = {94FD874A-C883-4BB6-A1DC-9A77FD374188}
	EndGlobalSection
EndGlobal
