
Microsoft Visual Studio Solution File, Format Version 12.00
# Visual Studio 15
VisualStudioVersion = 15.0.28010.2048
MinimumVisualStudioVersion = 10.0.40219.1
Project("{FAE04EC0-301F-11D3-BF4B-00C04F79EFBC}") = "084UsePLINQ", "084UsePLINQ\084UsePLINQ.csproj", "{9CA3F7A2-367E-466E-91EF-9CDC773AB69C}"
EndProject
Global
	GlobalSection(SolutionConfigurationPlatforms) = preSolution
		Debug|Any CPU = Debug|Any CPU
		Release|Any CPU = Release|Any CPU
	EndGlobalSection
	GlobalSection(ProjectConfigurationPlatforms) = postSolution
		{9CA3F7A2-367E-466E-91EF-9CDC773AB69C}.Debug|Any CPU.ActiveCfg = Debug|Any CPU
		{9CA3F7A2-367E-466E-91EF-9CDC773AB69C}.Debug|Any CPU.Build.0 = Debug|Any CPU
		{9CA3F7A2-367E-466E-91EF-9CDC773AB69C}.Release|Any CPU.ActiveCfg = Release|Any CPU
		{9CA3F7A2-367E-466E-91EF-9CDC773AB69C}.Release|Any CPU.Build.0 = Release|Any CPU
	EndGlobalSection
	GlobalSection(SolutionProperties) = preSolution
		HideSolutionNode = FALSE
	EndGlobalSection
	GlobalSection(ExtensibilityGlobals) = postSolution
		SolutionGuid = {F92050B8-2074-4BDA-840E-377387BC78F8}
	EndGlobalSection
EndGlobal
