
Microsoft Visual Studio Solution File, Format Version 12.00
# Visual Studio 15
VisualStudioVersion = 15.0.28307.329
MinimumVisualStudioVersion = 10.0.40219.1
Project("{FAE04EC0-301F-11D3-BF4B-00C04F79EFBC}") = "059RightCatchException", "059RightCatchException\059RightCatchException.csproj", "{BCBA5350-43D0-4ECE-A294-5B340449E4BC}"
EndProject
Global
	GlobalSection(SolutionConfigurationPlatforms) = preSolution
		Debug|Any CPU = Debug|Any CPU
		Release|Any CPU = Release|Any CPU
	EndGlobalSection
	GlobalSection(ProjectConfigurationPlatforms) = postSolution
		{BCBA5350-43D0-4ECE-A294-5B340449E4BC}.Debug|Any CPU.ActiveCfg = Debug|Any CPU
		{BCBA5350-43D0-4ECE-A294-5B340449E4BC}.Debug|Any CPU.Build.0 = Debug|Any CPU
		{BCBA5350-43D0-4ECE-A294-5B340449E4BC}.Release|Any CPU.ActiveCfg = Release|Any CPU
		{BCBA5350-43D0-4ECE-A294-5B340449E4BC}.Release|Any CPU.Build.0 = Release|Any CPU
	EndGlobalSection
	GlobalSection(SolutionProperties) = preSolution
		HideSolutionNode = FALSE
	EndGlobalSection
	GlobalSection(ExtensibilityGlobals) = postSolution
		SolutionGuid = {07ECED40-9CBE-4235-92FA-E7F55772F79D}
	EndGlobalSection
EndGlobal
