
Microsoft Visual Studio Solution File, Format Version 12.00
# Visual Studio 15
VisualStudioVersion = 15.0.28307.329
MinimumVisualStudioVersion = 10.0.40219.1
Project("{FAE04EC0-301F-11D3-BF4B-00C04F79EFBC}") = "073AvoidLockWrongSyncThread", "073AvoidLockWrongSyncThread\073AvoidLockWrongSyncThread.csproj", "{6BE0B338-0265-491E-A46A-61818C8FA9CD}"
EndProject
Global
	GlobalSection(SolutionConfigurationPlatforms) = preSolution
		Debug|Any CPU = Debug|Any CPU
		Release|Any CPU = Release|Any CPU
	EndGlobalSection
	GlobalSection(ProjectConfigurationPlatforms) = postSolution
		{6BE0B338-0265-491E-A46A-61818C8FA9CD}.Debug|Any CPU.ActiveCfg = Debug|Any CPU
		{6BE0B338-0265-491E-A46A-61818C8FA9CD}.Debug|Any CPU.Build.0 = Debug|Any CPU
		{6BE0B338-0265-491E-A46A-61818C8FA9CD}.Release|Any CPU.ActiveCfg = Release|Any CPU
		{6BE0B338-0265-491E-A46A-61818C8FA9CD}.Release|Any CPU.Build.0 = Release|Any CPU
	EndGlobalSection
	GlobalSection(SolutionProperties) = preSolution
		HideSolutionNode = FALSE
	EndGlobalSection
	GlobalSection(ExtensibilityGlobals) = postSolution
		SolutionGuid = {6A65CB31-2B55-4919-A173-BAA34D2E4D91}
	EndGlobalSection
EndGlobal
