
Microsoft Visual Studio Solution File, Format Version 12.00
# Visual Studio 15
VisualStudioVersion = 15.0.28010.2048
MinimumVisualStudioVersion = 10.0.40219.1
Project("{FAE04EC0-301F-11D3-BF4B-00C04F79EFBC}") = "105PrivateStructUseForSingleton", "105PrivateStructUseForSingleton\105PrivateStructUseForSingleton.csproj", "{9BF27AEE-91FD-486D-A4A4-5D6D2BF12595}"
EndProject
Global
	GlobalSection(SolutionConfigurationPlatforms) = preSolution
		Debug|Any CPU = Debug|Any CPU
		Release|Any CPU = Release|Any CPU
	EndGlobalSection
	GlobalSection(ProjectConfigurationPlatforms) = postSolution
		{9BF27AEE-91FD-486D-A4A4-5D6D2BF12595}.Debug|Any CPU.ActiveCfg = Debug|Any CPU
		{9BF27AEE-91FD-486D-A4A4-5D6D2BF12595}.Debug|Any CPU.Build.0 = Debug|Any CPU
		{9BF27AEE-91FD-486D-A4A4-5D6D2BF12595}.Release|Any CPU.ActiveCfg = Release|Any CPU
		{9BF27AEE-91FD-486D-A4A4-5D6D2BF12595}.Release|Any CPU.Build.0 = Release|Any CPU
	EndGlobalSection
	GlobalSection(SolutionProperties) = preSolution
		HideSolutionNode = FALSE
	EndGlobalSection
	GlobalSection(ExtensibilityGlobals) = postSolution
		SolutionGuid = {6EC1BBA9-540F-432F-94CF-B08B1376EDCD}
	EndGlobalSection
EndGlobal
