
Microsoft Visual Studio Solution File, Format Version 12.00
# Visual Studio 15
VisualStudioVersion = 15.0.28307.329
MinimumVisualStudioVersion = 10.0.40219.1
Project("{FAE04EC0-301F-11D3-BF4B-00C04F79EFBC}") = "066RightMulitThreadCatchErr", "066RightMulitThreadCatchErr\066RightMulitThreadCatchErr.csproj", "{F503110D-C169-4779-9F24-59DDA78C08E5}"
EndProject
Global
	GlobalSection(SolutionConfigurationPlatforms) = preSolution
		Debug|Any CPU = Debug|Any CPU
		Release|Any CPU = Release|Any CPU
	EndGlobalSection
	GlobalSection(ProjectConfigurationPlatforms) = postSolution
		{F503110D-C169-4779-9F24-59DDA78C08E5}.Debug|Any CPU.ActiveCfg = Debug|Any CPU
		{F503110D-C169-4779-9F24-59DDA78C08E5}.Debug|Any CPU.Build.0 = Debug|Any CPU
		{F503110D-C169-4779-9F24-59DDA78C08E5}.Release|Any CPU.ActiveCfg = Release|Any CPU
		{F503110D-C169-4779-9F24-59DDA78C08E5}.Release|Any CPU.Build.0 = Release|Any CPU
	EndGlobalSection
	GlobalSection(SolutionProperties) = preSolution
		HideSolutionNode = FALSE
	EndGlobalSection
	GlobalSection(ExtensibilityGlobals) = postSolution
		SolutionGuid = {57975A9C-3CCB-4968-B01D-89F3DE152061}
	EndGlobalSection
EndGlobal
