
Microsoft Visual Studio Solution File, Format Version 12.00
# Visual Studio 15
VisualStudioVersion = 15.0.28307.329
MinimumVisualStudioVersion = 10.0.40219.1
Project("{FAE04EC0-301F-11D3-BF4B-00C04F79EFBC}") = "042GenericParamCompatible", "042GenericParamCompatible\042GenericParamCompatible.csproj", "{C694005C-57B1-4815-907B-02917839EBAE}"
EndProject
Global
	GlobalSection(SolutionConfigurationPlatforms) = preSolution
		Debug|Any CPU = Debug|Any CPU
		Release|Any CPU = Release|Any CPU
	EndGlobalSection
	GlobalSection(ProjectConfigurationPlatforms) = postSolution
		{C694005C-57B1-4815-907B-02917839EBAE}.Debug|Any CPU.ActiveCfg = Debug|Any CPU
		{C694005C-57B1-4815-907B-02917839EBAE}.Debug|Any CPU.Build.0 = Debug|Any CPU
		{C694005C-57B1-4815-907B-02917839EBAE}.Release|Any CPU.ActiveCfg = Release|Any CPU
		{C694005C-57B1-4815-907B-02917839EBAE}.Release|Any CPU.Build.0 = Release|Any CPU
	EndGlobalSection
	GlobalSection(SolutionProperties) = preSolution
		HideSolutionNode = FALSE
	EndGlobalSection
	GlobalSection(ExtensibilityGlobals) = postSolution
		SolutionGuid = {89F8D0C3-C23D-4205-91C2-C4B5C503D111}
	EndGlobalSection
EndGlobal
