
Microsoft Visual Studio Solution File, Format Version 12.00
# Visual Studio 15
VisualStudioVersion = 15.0.28307.329
MinimumVisualStudioVersion = 10.0.40219.1
Project("{FAE04EC0-301F-11D3-BF4B-00C04F79EFBC}") = "067CarefulCustomizeException", "067CarefulCustomizeException\067CarefulCustomizeException.csproj", "{C3B28073-A53B-470E-B048-D17D6A26C08C}"
EndProject
Global
	GlobalSection(SolutionConfigurationPlatforms) = preSolution
		Debug|Any CPU = Debug|Any CPU
		Release|Any CPU = Release|Any CPU
	EndGlobalSection
	GlobalSection(ProjectConfigurationPlatforms) = postSolution
		{C3B28073-A53B-470E-B048-D17D6A26C08C}.Debug|Any CPU.ActiveCfg = Debug|Any CPU
		{C3B28073-A53B-470E-B048-D17D6A26C08C}.Debug|Any CPU.Build.0 = Debug|Any CPU
		{C3B28073-A53B-470E-B048-D17D6A26C08C}.Release|Any CPU.ActiveCfg = Release|Any CPU
		{C3B28073-A53B-470E-B048-D17D6A26C08C}.Release|Any CPU.Build.0 = Release|Any CPU
	EndGlobalSection
	GlobalSection(SolutionProperties) = preSolution
		HideSolutionNode = FALSE
	EndGlobalSection
	GlobalSection(ExtensibilityGlobals) = postSolution
		SolutionGuid = {A536957D-0BD5-435E-A17D-51AC0669A7E3}
	EndGlobalSection
EndGlobal
