
Microsoft Visual Studio Solution File, Format Version 12.00
# Visual Studio 15
VisualStudioVersion = 15.0.28010.2048
MinimumVisualStudioVersion = 10.0.40219.1
Project("{FAE04EC0-301F-11D3-BF4B-00C04F79EFBC}") = "060DistributedException", "060DistributedException\060DistributedException.csproj", "{3BE642B8-035C-4743-B751-F641BD667DAA}"
EndProject
Global
	GlobalSection(SolutionConfigurationPlatforms) = preSolution
		Debug|Any CPU = Debug|Any CPU
		Release|Any CPU = Release|Any CPU
	EndGlobalSection
	GlobalSection(ProjectConfigurationPlatforms) = postSolution
		{3BE642B8-035C-4743-B751-F641BD667DAA}.Debug|Any CPU.ActiveCfg = Debug|Any CPU
		{3BE642B8-035C-4743-B751-F641BD667DAA}.Debug|Any CPU.Build.0 = Debug|Any CPU
		{3BE642B8-035C-4743-B751-F641BD667DAA}.Release|Any CPU.ActiveCfg = Release|Any CPU
		{3BE642B8-035C-4743-B751-F641BD667DAA}.Release|Any CPU.Build.0 = Release|Any CPU
	EndGlobalSection
	GlobalSection(SolutionProperties) = preSolution
		HideSolutionNode = FALSE
	EndGlobalSection
	GlobalSection(ExtensibilityGlobals) = postSolution
		SolutionGuid = {2CCBAD2D-3907-4642-9A44-CAA502134076}
	EndGlobalSection
EndGlobal
